
Microsoft Visual Studio Solution File, Format Version 12.00
# Visual Studio Version 16
VisualStudioVersion = 16.0.31729.503
MinimumVisualStudioVersion = 10.0.40219.1
Project("{9A19103F-16F7-4668-BE54-9A1E7A4F7556}") = "FiscalCodeValidator", "FiscalCodeValidator\FiscalCodeValidator.csproj", "{03270498-1D12-4356-BCF1-022FE6232F1C}"
EndProject
Project("{9A19103F-16F7-4668-BE54-9A1E7A4F7556}") = "FiscalCodeValidator.Tests", "FiscalCodeValidator.Tests\FiscalCodeValidator.Tests.csproj", "{3A162510-5D6D-4426-9656-F3BCFDC13159}"
EndProject
Global
	GlobalSection(SolutionConfigurationPlatforms) = preSolution
		Debug|Any CPU = Debug|Any CPU
		Release|Any CPU = Release|Any CPU
	EndGlobalSection
	GlobalSection(ProjectConfigurationPlatforms) = postSolution
		{03270498-1D12-4356-BCF1-022FE6232F1C}.Debug|Any CPU.ActiveCfg = Debug|Any CPU
		{03270498-1D12-4356-BCF1-022FE6232F1C}.Debug|Any CPU.Build.0 = Debug|Any CPU
		{03270498-1D12-4356-BCF1-022FE6232F1C}.Release|Any CPU.ActiveCfg = Release|Any CPU
		{03270498-1D12-4356-BCF1-022FE6232F1C}.Release|Any CPU.Build.0 = Release|Any CPU
		{3A162510-5D6D-4426-9656-F3BCFDC13159}.Debug|Any CPU.ActiveCfg = Debug|Any CPU
		{3A162510-5D6D-4426-9656-F3BCFDC13159}.Debug|Any CPU.Build.0 = Debug|Any CPU
		{3A162510-5D6D-4426-9656-F3BCFDC13159}.Release|Any CPU.ActiveCfg = Release|Any CPU
		{3A162510-5D6D-4426-9656-F3BCFDC13159}.Release|Any CPU.Build.0 = Release|Any CPU
	EndGlobalSection
	GlobalSection(SolutionProperties) = preSolution
		HideSolutionNode = FALSE
	EndGlobalSection
	GlobalSection(ExtensibilityGlobals) = postSolution
		SolutionGuid = {3B826A51-275E-43DA-A085-FBFAC96C288B}
	EndGlobalSection
EndGlobal
